
Microsoft Visual Studio Solution File, Format Version 11.00
# Visual Studio 2010
Project("{8BC9CEB8-8B4A-11D0-8D11-00A0C91BC942}") = "VSMConsoleDemo", "VSMConsoleDemo\VSMConsoleDemo.vcxproj", "{F727AAE3-2B48-4DE3-AB4B-B45759592693}"
EndProject
Global
	GlobalSection(SolutionConfigurationPlatforms) = preSolution
		Debug|Win32 = Debug|Win32
		Release|Win32 = Release|Win32
	EndGlobalSection
	GlobalSection(ProjectConfigurationPlatforms) = postSolution
		{F727AAE3-2B48-4DE3-AB4B-B45759592693}.Debug|Win32.ActiveCfg = Debug|Win32
		{F727AAE3-2B48-4DE3-AB4B-B45759592693}.Debug|Win32.Build.0 = Debug|Win32
		{F727AAE3-2B48-4DE3-AB4B-B45759592693}.Release|Win32.ActiveCfg = Release|Win32
		{F727AAE3-2B48-4DE3-AB4B-B45759592693}.Release|Win32.Build.0 = Release|Win32
	EndGlobalSection
	GlobalSection(SolutionProperties) = preSolution
		HideSolutionNode = FALSE
	EndGlobalSection
EndGlobal
